{
  "requires": true,
  "lockfileVersion": 1,
  "dependencies": {
    "qrjs": {
      "version": "0.1.2",
      "resolved": "https://registry.npmjs.org/qrjs/-/qrjs-0.1.2.tgz",
      "integrity": "sha1-os38FpElvkCspBIhD5u1g9Bu6c8="
    },
    "webcomponent-qr-code": {
      "version": "0.1.9",
      "resolved": "https://registry.npmjs.org/webcomponent-qr-code/-/webcomponent-qr-code-0.1.9.tgz",
      "integrity": "sha1-0vub987psLE7+ND8GiLuvhu8/tA=",
      "requires": {
        "qrjs": "0.1.2"
      }
    }
  }
}
